// !$*UTF8*$!
{
	archiveVersion = 1;
	classes = {
	};
	objectVersion = 50;
	objects = {

/* Begin PBXBuildFile section */
		E8BAC998248F02130073DC47 /* AppDelegate.swift in Sources */ = {isa = PBXBuildFile; fileRef = E8BAC997248F02130073DC47 /* AppDelegate.swift */; };
		E8BAC99A248F02130073DC47 /* SceneDelegate.swift in Sources */ = {isa = PBXBuildFile; fileRef = E8BAC999248F02130073DC47 /* SceneDelegate.swift */; };
		E8BAC99C248F02130073DC47 /* ViewController.swift in Sources */ = {isa = PBXBuildFile; fileRef = E8BAC99B248F02130073DC47 /* ViewController.swift */; };
		E8BAC99F248F02130073DC47 /* Main.storyboard in Resources */ = {isa = PBXBuildFile; fileRef = E8BAC99D248F02130073DC47 /* Main.storyboard */; };
		E8BAC9A1248F02130073DC47 /* Assets.xcassets in Resources */ = {isa = PBXBuildFile; fileRef = E8BAC9A0248F02130073DC47 /* Assets.xcassets */; };
		E8BAC9A4248F02130073DC47 /* LaunchScreen.storyboard in Resources */ = {isa = PBXBuildFile; fileRef = E8BAC9A2248F02130073DC47 /* LaunchScreen.storyboard */; };
/* End PBXBuildFile section */

/* Begin PBXFileReference section */
		E8BAC994248F02130073DC47 /* AutolayoutTypesDes.app */ = {isa = PBXFileReference; explicitFileType = wrapper.application; includeInIndex = 0; path = AutolayoutTypesDes.app; sourceTree = BUILT_PRODUCTS_DIR; };
		E8BAC997248F02130073DC47 /* AppDelegate.swift */ = {isa = PBXFileReference; lastKnownFileType = sourcecode.swift; path = AppDelegate.swift; sourceTree = "<group>"; };
		E8BAC999248F02130073DC47 /* SceneDelegate.swift */ = {isa = PBXFileReference; lastKnownFileType = sourcecode.swift; path = SceneDelegate.swift; sourceTree = "<group>"; };
		E8BAC99B248F02130073DC47 /* ViewController.swift */ = {isa = PBXFileReference; lastKnownFileType = sourcecode.swift; path = ViewController.swift; sourceTree = "<group>"; };
		E8BAC99E248F02130073DC47 /* Base */ = {isa = PBXFileReference; lastKnownFileType = file.storyboard; name = Base; path = Base.lproj/Main.storyboard; sourceTree = "<group>"; };
		E8BAC9A0248F02130073DC47 /* Assets.xcassets */ = {isa = PBXFileReference; lastKnownFileType = folder.assetcatalog; path = Assets.xcassets; sourceTree = "<group>"; };
		E8BAC9A3248F02130073DC47 /* Base */ = {isa = PBXFileReference; lastKnownFileType = file.storyboard; name = Base; path = Base.lproj/LaunchScreen.storyboard; sourceTree = "<group>"; };
		E8BAC9A5248F02130073DC47 /* Info.plist */ = {isa = PBXFileReference; lastKnownFileType = text.plist.xml; path = Info.plist; sourceTree = "<group>"; };
/* End PBXFileReference section */

/* Begin PBXFrameworksBuildPhase section */
		E8BAC991248F02130073DC47 /* Frameworks */ = {
			isa = PBXFrameworksBuildPhase;
			buildActionMask = 2147483647;
			files = (
			);
			runOnlyForDeploymentPostprocessing = 0;
		};
/* End PBXFrameworksBuildPhase section */

/* Begin PBXGroup section */
		E8BAC98B248F02130073DC47 = {
			isa = PBXGroup;
			children = (
				E8BAC996248F02130073DC47 /* AutolayoutTypesDes */,
				E8BAC995248F02130073DC47 /* Products */,
			);
			sourceTree = "<group>";
		};
		E8BAC995248F02130073DC47 /* Products */ = {
			isa = PBXGroup;
			children = (
				E8BAC994248F02130073DC47 /* AutolayoutTypesDes.app */,
			);
			name = Products;
			sourceTree = "<group>";
		};
		E8BAC996248F02130073DC47 /* AutolayoutTypesDes */ = {
			isa = PBXGroup;
			children = (
				E8BAC997248F02130073DC47 /* AppDelegate.swift */,
				E8BAC999248F02130073DC47 /* SceneDelegate.swift */,
				E8BAC99B248F02130073DC47 /* ViewController.swift */,
				E8BAC99D248F02130073DC47 /* Main.storyboard */,
				E8BAC9A0248F02130073DC47 /* Assets.xcassets */,
				E8BAC9A2248F02130073DC47 /* LaunchScreen.storyboard */,
				E8BAC9A5248F02130073DC47 /* Info.plist */,
			);
			path = AutolayoutTypesDes;
			sourceTree = "<group>";
		};
/* End PBXGroup section */

/* Begin PBXNativeTarget section */
		E8BAC993248F02130073DC47 /* AutolayoutTypesDes */ = {
			isa = PBXNativeTarget;
			buildConfigurationList = E8BAC9A8248F02130073DC47 /* Build configuration list for PBXNativeTarget "AutolayoutTypesDes" */;
			buildPhases = (
				E8BAC990248F02130073DC47 /* Sources */,
				E8BAC991248F02130073DC47 /* Frameworks */,
				E8BAC992248F02130073DC47 /* Resources */,
			);
			buildRules = (
			);
			dependencies = (
			);
			name = AutolayoutTypesDes;
			productName = AutolayoutTypesDes;
			productReference = E8BAC994248F02130073DC47 /* AutolayoutTypesDes.app */;
			productType = "com.apple.product-type.application";
		};
/* End PBXNativeTarget section */

/* Begin PBXProject section */
		E8BAC98C248F02130073DC47 /* Project object */ = {
			isa = PBXProject;
			attributes = {
				LastSwiftUpdateCheck = 1110;
				LastUpgradeCheck = 1110;
				ORGANIZATIONNAME = "Jyoti Sahoo";
				TargetAttributes = {
					E8BAC993248F02130073DC47 = {
						CreatedOnToolsVersion = 11.1;
					};
				};
			};
			buildConfigurationList = E8BAC98F248F02130073DC47 /* Build configuration list for PBXProject "AutolayoutTypesDes" */;
			compatibilityVersion = "Xcode 9.3";
			developmentRegion = en;
			hasScannedForEncodings = 0;
			knownRegions = (
				en,
				Base,
			);
			mainGroup = E8BAC98B248F02130073DC47;
			productRefGroup = E8BAC995248F02130073DC47 /* Products */;
			projectDirPath = "";
			projectRoot = "";
			targets = (
				E8BAC993248F02130073DC47 /* AutolayoutTypesDes */,
			);
		};
/* End PBXProject section */

/* Begin PBXResourcesBuildPhase section */
		E8BAC992248F02130073DC47 /* Resources */ = {
			isa = PBXResourcesBuildPhase;
			buildActionMask = 2147483647;
			files = (
				E8BAC9A4248F02130073DC47 /* LaunchScreen.storyboard in Resources */,
				E8BAC9A1248F02130073DC47 /* Assets.xcassets in Resources */,
				E8BAC99F248F02130073DC47 /* Main.storyboard in Resources */,
			);
			runOnlyForDeploymentPostprocessing = 0;
		};
/* End PBXResourcesBuildPhase section */

/* Begin PBXSourcesBuildPhase section */
		E8BAC990248F02130073DC47 /* Sources */ = {
			isa = PBXSourcesBuildPhase;
			buildActionMask = 2147483647;
			files = (
				E8BAC99C248F02130073DC47 /* ViewController.swift in Sources */,
				E8BAC998248F02130073DC47 /* AppDelegate.swift in Sources */,
				E8BAC99A248F02130073DC47 /* SceneDelegate.swift in Sources */,
			);
			runOnlyForDeploymentPostprocessing = 0;
		};
/* End PBXSourcesBuildPhase section */

/* Begin PBXVariantGroup section */
		E8BAC99D248F02130073DC47 /* Main.storyboard */ = {
			isa = PBXVariantGroup;
			children = (
				E8BAC99E248F02130073DC47 /* Base */,
			);
			name = Main.storyboard;
			sourceTree = "<group>";
		};
		E8BAC9A2248F02130073DC47 /* LaunchScreen.storyboard */ = {
			isa = PBXVariantGroup;
			children = (
				E8BAC9A3248F02130073DC47 /* Base */,
			);
			name = LaunchScreen.storyboard;
			sourceTree = "<group>";
		};
/* End PBXVariantGroup section */

/* Begin XCBuildConfiguration section */
		E8BAC9A6248F02130073DC47 /* Debug */ = {
			isa = XCBuildConfiguration;
			buildSettings = {
				ALWAYS_SEARCH_USER_PATHS = NO;
				CLANG_ANALYZER_NONNULL = YES;
				CLANG_ANALYZER_NUMBER_OBJECT_CONVERSION = YES_AGGRESSIVE;
				CLANG_CXX_LANGUAGE_STANDARD = "gnu++14";
				CLANG_CXX_LIBRARY = "libc++";
				CLANG_ENABLE_MODULES = YES;
				CLANG_ENABLE_OBJC_ARC = YES;
				CLANG_ENABLE_OBJC_WEAK = YES;
				CLANG_WARN_BLOCK_CAPTURE_AUTORELEASING = YES;
				CLANG_WARN_BOOL_CONVERSION = YES;
				CLANG_WARN_COMMA = YES;
				CLANG_WARN_CONSTANT_CONVERSION = YES;
				CLANG_WARN_DEPRECATED_OBJC_IMPLEMENTATIONS = YES;
				CLANG_WARN_DIRECT_OBJC_ISA_USAGE = YES_ERROR;
				CLANG_WARN_DOCUMENTATION_COMMENTS = YES;
				CLANG_WARN_EMPTY_BODY = YES;
				CLANG_WARN_ENUM_CONVERSION = YES;
				CLANG_WARN_INFINITE_RECURSION = YES;
				CLANG_WARN_INT_CONVERSION = YES;
				CLANG_WARN_NON_LITERAL_NULL_CONVERSION = YES;
				CLANG_WARN_OBJC_IMPLICIT_RETAIN_SELF = YES;
				CLANG_WARN_OBJC_LITERAL_CONVERSION = YES;
				CLANG_WARN_OBJC_ROOT_CLASS = YES_ERROR;
				CLANG_WARN_RANGE_LOOP_ANALYSIS = YES;
				CLANG_WARN_STRICT_PROTOTYPES = YES;
				CLANG_WARN_SUSPICIOUS_MOVE = YES;
				CLANG_WARN_UNGUARDED_AVAILABILITY = YES_AGGRESSIVE;
				CLANG_WARN_UNREACHABLE_CODE = YES;
				CLANG_WARN__DUPLICATE_METHOD_MATCH = YES;
				COPY_PHASE_STRIP = NO;
				DEBUG_INFORMATION_FORMAT = dwarf;
				ENABLE_STRICT_OBJC_MSGSEND = YES;
				ENABLE_TESTABILITY = YES;
				GCC_C_LANGUAGE_STANDARD = gnu11;
				GCC_DYNAMIC_NO_PIC = NO;
				GCC_NO_COMMON_BLOCKS = YES;
				GCC_OPTIMIZATION_LEVEL = 0;
				GCC_PREPROCESSOR_DEFINITIONS = (
					"DEBUG=1",
					"$(inherited)",
				);
				GCC_WARN_64_TO_32_BIT_CONVERSION = YES;
				GCC_WARN_ABOUT_RETURN_TYPE = YES_ERROR;
				GCC_WARN_UNDECLARED_SELECTOR = YES;
				GCC_WARN_UNINITIALIZED_AUTOS = YES_AGGRESSIVE;
				GCC_WARN_UNUSED_FUNCTION = YES;
				GCC_WARN_UNUSED_VARIABLE = YES;
				IPHONEOS_DEPLOYMENT_TARGET = 13.1;
				MTL_ENABLE_DEBUG_INFO = INCLUDE_SOURCE;
				MTL_FAST_MATH = YES;
				ONLY_ACTIVE_ARCH = YES;
				SDKROOT = iphoneos;
				SWIFT_ACTIVE_COMPILATION_CONDITIONS = DEBUG;
				SWIFT_OPTIMIZATION_LEVEL = "-Onone";
			};
			name = Debug;
		};
		E8BAC9A7248F02130073DC47 /* Release */ = {
			isa = XCBuildConfiguration;
			buildSettings = {
				ALWAYS_SEARCH_USER_PATHS = NO;
				CLANG_ANALYZER_NONNULL = YES;
				CLANG_ANALYZER_NUMBER_OBJECT_CONVERSION = YES_AGGRESSIVE;
				CLANG_CXX_LANGUAGE_STANDARD = "gnu++14";
				CLANG_CXX_LIBRARY = "libc++";
				CLANG_ENABLE_MODULES = YES;
				CLANG_ENABLE_OBJC_ARC = YES;
				CLANG_ENABLE_OBJC_WEAK = YES;
				CLANG_WARN_BLOCK_CAPTURE_AUTORELEASING = YES;
				CLANG_WARN_BOOL_CONVERSION = YES;
				CLANG_WARN_COMMA = YES;
				CLANG_WARN_CONSTANT_CONVERSION = YES;
				CLANG_WARN_DEPRECATED_OBJC_IMPLEMENTATIONS = YES;
				CLANG_WARN_DIRECT_OBJC_ISA_USAGE = YES_ERROR;
				CLANG_WARN_DOCUMENTATION_COMMENTS = YES;
				CLANG_WARN_EMPTY_BODY = YES;
				CLANG_WARN_ENUM_CONVERSION = YES;
				CLANG_WARN_INFINITE_RECURSION = YES;
				CLANG_WARN_INT_CONVERSION = YES;
				CLANG_WARN_NON_LITERAL_NULL_CONVERSION = YES;
				CLANG_WARN_OBJC_IMPLICIT_RETAIN_SELF = YES;
				CLANG_WARN_OBJC_LITERAL_CONVERSION = YES;
				CLANG_WARN_OBJC_ROOT_CLASS = YES_ERROR;
				CLANG_WARN_RANGE_LOOP_ANALYSIS = YES;
				CLANG_WARN_STRICT_PROTOTYPES = YES;
				CLANG_WARN_SUSPICIOUS_MOVE = YES;
				CLANG_WARN_UNGUARDED_AVAILABILITY = YES_AGGRESSIVE;
				CLANG_WARN_UNREACHABLE_CODE = YES;
				CLANG_WARN__DUPLICATE_METHOD_MATCH = YES;
				COPY_PHASE_STRIP = NO;
				DEBUG_INFORMATION_FORMAT = "dwarf-with-dsym";
				ENABLE_NS_ASSERTIONS = NO;
				ENABLE_STRICT_OBJC_MSGSEND = YES;
				GCC_C_LANGUAGE_STANDARD = gnu11;
				GCC_NO_COMMON_BLOCKS = YES;
				GCC_WARN_64_TO_32_BIT_CONVERSION = YES;
				GCC_WARN_ABOUT_RETURN_TYPE = YES_ERROR;
				GCC_WARN_UNDECLARED_SELECTOR = YES;
				GCC_WARN_UNINITIALIZED_AUTOS = YES_AGGRESSIVE;
				GCC_WARN_UNUSED_FUNCTION = YES;
				GCC_WARN_UNUSED_VARIABLE = YES;
				IPHONEOS_DEPLOYMENT_TARGET = 13.1;
				MTL_ENABLE_DEBUG_INFO = NO;
				MTL_FAST_MATH = YES;
				SDKROOT = iphoneos;
				SWIFT_COMPILATION_MODE = wholemodule;
				SWIFT_OPTIMIZATION_LEVEL = "-O";
				VALIDATE_PRODUCT = YES;
			};
			name = Release;
		};
		E8BAC9A9248F02130073DC47 /* Debug */ = {
			isa = XCBuildConfiguration;
			buildSettings = {
				ASSETCATALOG_COMPILER_APPICON_NAME = AppIcon;
				CODE_SIGN_STYLE = Automatic;
				INFOPLIST_FILE = AutolayoutTypesDes/Info.plist;
				LD_RUNPATH_SEARCH_PATHS = (
					"$(inherited)",
					"@executable_path/Frameworks",
				);
				PRODUCT_BUNDLE_IDENTIFIER = com.jyoti.selfstudy.AutolayoutTypesDes;
				PRODUCT_NAME = "$(TARGET_NAME)";
				SWIFT_VERSION = 5.0;
				TARGETED_DEVICE_FAMILY = "1,2";
			};
			name = Debug;
		};
		E8BAC9AA248F02130073DC47 /* Release */ = {
			isa = XCBuildConfiguration;
			buildSettings = {
				ASSETCATALOG_COMPILER_APPICON_NAME = AppIcon;
				CODE_SIGN_STYLE = Automatic;
				INFOPLIST_FILE = AutolayoutTypesDes/Info.plist;
				LD_RUNPATH_SEARCH_PATHS = (
					"$(inherited)",
					"@executable_path/Frameworks",
				);
				PRODUCT_BUNDLE_IDENTIFIER = com.jyoti.selfstudy.AutolayoutTypesDes;
				PRODUCT_NAME = "$(TARGET_NAME)";
				SWIFT_VERSION = 5.0;
				TARGETED_DEVICE_FAMILY = "1,2";
			};
			name = Release;
		};
/* End XCBuildConfiguration section */

/* Begin XCConfigurationList section */
		E8BAC98F248F02130073DC47 /* Build configuration list for PBXProject "AutolayoutTypesDes" */ = {
			isa = XCConfigurationList;
			buildConfigurations = (
				E8BAC9A6248F02130073DC47 /* Debug */,
				E8BAC9A7248F02130073DC47 /* Release */,
			);
			defaultConfigurationIsVisible = 0;
			defaultConfigurationName = Release;
		};
		E8BAC9A8248F02130073DC47 /* Build configuration list for PBXNativeTarget "AutolayoutTypesDes" */ = {
			isa = XCConfigurationList;
			buildConfigurations = (
				E8BAC9A9248F02130073DC47 /* Debug */,
				E8BAC9AA248F02130073DC47 /* Release */,
			);
			defaultConfigurationIsVisible = 0;
			defaultConfigurationName = Release;
		};
/* End XCConfigurationList section */
	};
	rootObject = E8BAC98C248F02130073DC47 /* Project object */;
}
